
Microsoft Visual Studio Solution File, Format Version 12.00
# Visual Studio 15
VisualStudioVersion = 15.0.27130.2010
MinimumVisualStudioVersion = 10.0.40219.1
Project("{FAE04EC0-301F-11D3-BF4B-00C04F79EFBC}") = "TicTacToe", "TicTacToe\TicTacToe.csproj", "{C52CB8A7-E0D0-407A-8541-38AD66000167}"
EndProject
Global
	GlobalSection(SolutionConfigurationPlatforms) = preSolution
		Debug|Any CPU = Debug|Any CPU
		Release|Any CPU = Release|Any CPU
	EndGlobalSection
	GlobalSection(ProjectConfigurationPlatforms) = postSolution
		{C52CB8A7-E0D0-407A-8541-38AD66000167}.Debug|Any CPU.ActiveCfg = Debug|Any CPU
		{C52CB8A7-E0D0-407A-8541-38AD66000167}.Debug|Any CPU.Build.0 = Debug|Any CPU
		{C52CB8A7-E0D0-407A-8541-38AD66000167}.Release|Any CPU.ActiveCfg = Release|Any CPU
		{C52CB8A7-E0D0-407A-8541-38AD66000167}.Release|Any CPU.Build.0 = Release|Any CPU
	EndGlobalSection
	GlobalSection(SolutionProperties) = preSolution
		HideSolutionNode = FALSE
	EndGlobalSection
	GlobalSection(ExtensibilityGlobals) = postSolution
		SolutionGuid = {201232A4-5524-484A-A4DF-1EE6C338511A}
	EndGlobalSection
EndGlobal
